// !$*UTF8*$!
{
	archiveVersion = 1;
	classes = {
	};
	objectVersion = 50;
	objects = {

/* Begin PBXBuildFile section */
		89072FD125EAAFDF0075B2BD /* AppDelegate.swift in Sources */ = {isa = PBXBuildFile; fileRef = 89072FD025EAAFDF0075B2BD /* AppDelegate.swift */; };
		89072FD325EAAFDF0075B2BD /* SceneDelegate.swift in Sources */ = {isa = PBXBuildFile; fileRef = 89072FD225EAAFDF0075B2BD /* SceneDelegate.swift */; };
		89072FD525EAAFDF0075B2BD /* ViewController.swift in Sources */ = {isa = PBXBuildFile; fileRef = 89072FD425EAAFDF0075B2BD /* ViewController.swift */; };
		89072FD825EAAFDF0075B2BD /* Main.storyboard in Resources */ = {isa = PBXBuildFile; fileRef = 89072FD625EAAFDF0075B2BD /* Main.storyboard */; };
		89072FDA25EAAFE00075B2BD /* Assets.xcassets in Resources */ = {isa = PBXBuildFile; fileRef = 89072FD925EAAFE00075B2BD /* Assets.xcassets */; };
		89072FDD25EAAFE00075B2BD /* LaunchScreen.storyboard in Resources */ = {isa = PBXBuildFile; fileRef = 89072FDB25EAAFE00075B2BD /* LaunchScreen.storyboard */; };
		89072FE725EAB0870075B2BD /* htmlView.html in Resources */ = {isa = PBXBuildFile; fileRef = 89072FE625EAB0870075B2BD /* htmlView.html */; };
/* End PBXBuildFile section */

/* Begin PBXFileReference section */
		89072FCD25EAAFDF0075B2BD /* WebMission.app */ = {isa = PBXFileReference; explicitFileType = wrapper.application; includeInIndex = 0; path = WebMission.app; sourceTree = BUILT_PRODUCTS_DIR; };
		89072FD025EAAFDF0075B2BD /* AppDelegate.swift */ = {isa = PBXFileReference; lastKnownFileType = sourcecode.swift; path = AppDelegate.swift; sourceTree = "<group>"; };
		89072FD225EAAFDF0075B2BD /* SceneDelegate.swift */ = {isa = PBXFileReference; lastKnownFileType = sourcecode.swift; path = SceneDelegate.swift; sourceTree = "<group>"; };
		89072FD425EAAFDF0075B2BD /* ViewController.swift */ = {isa = PBXFileReference; lastKnownFileType = sourcecode.swift; path = ViewController.swift; sourceTree = "<group>"; };
		89072FD725EAAFDF0075B2BD /* Base */ = {isa = PBXFileReference; lastKnownFileType = file.storyboard; name = Base; path = Base.lproj/Main.storyboard; sourceTree = "<group>"; };
		89072FD925EAAFE00075B2BD /* Assets.xcassets */ = {isa = PBXFileReference; lastKnownFileType = folder.assetcatalog; path = Assets.xcassets; sourceTree = "<group>"; };
		89072FDC25EAAFE00075B2BD /* Base */ = {isa = PBXFileReference; lastKnownFileType = file.storyboard; name = Base; path = Base.lproj/LaunchScreen.storyboard; sourceTree = "<group>"; };
		89072FDE25EAAFE00075B2BD /* Info.plist */ = {isa = PBXFileReference; lastKnownFileType = text.plist.xml; path = Info.plist; sourceTree = "<group>"; };
		89072FE625EAB0870075B2BD /* htmlView.html */ = {isa = PBXFileReference; lastKnownFileType = text.html; path = htmlView.html; sourceTree = "<group>"; };
/* End PBXFileReference section */

/* Begin PBXFrameworksBuildPhase section */
		89072FCA25EAAFDF0075B2BD /* Frameworks */ = {
			isa = PBXFrameworksBuildPhase;
			buildActionMask = 2147483647;
			files = (
			);
			runOnlyForDeploymentPostprocessing = 0;
		};
/* End PBXFrameworksBuildPhase section */

/* Begin PBXGroup section */
		89072FC425EAAFDF0075B2BD = {
			isa = PBXGroup;
			children = (
				89072FCF25EAAFDF0075B2BD /* WebMission */,
				89072FCE25EAAFDF0075B2BD /* Products */,
			);
			sourceTree = "<group>";
		};
		89072FCE25EAAFDF0075B2BD /* Products */ = {
			isa = PBXGroup;
			children = (
				89072FCD25EAAFDF0075B2BD /* WebMission.app */,
			);
			name = Products;
			sourceTree = "<group>";
		};
		89072FCF25EAAFDF0075B2BD /* WebMission */ = {
			isa = PBXGroup;
			children = (
				89072FD025EAAFDF0075B2BD /* AppDelegate.swift */,
				89072FD225EAAFDF0075B2BD /* SceneDelegate.swift */,
				89072FD425EAAFDF0075B2BD /* ViewController.swift */,
				89072FD625EAAFDF0075B2BD /* Main.storyboard */,
				89072FE625EAB0870075B2BD /* htmlView.html */,
				89072FD925EAAFE00075B2BD /* Assets.xcassets */,
				89072FDB25EAAFE00075B2BD /* LaunchScreen.storyboard */,
				89072FDE25EAAFE00075B2BD /* Info.plist */,
			);
			path = WebMission;
			sourceTree = "<group>";
		};
/* End PBXGroup section */

/* Begin PBXNativeTarget section */
		89072FCC25EAAFDF0075B2BD /* WebMission */ = {
			isa = PBXNativeTarget;
			buildConfigurationList = 89072FE125EAAFE00075B2BD /* Build configuration list for PBXNativeTarget "WebMission" */;
			buildPhases = (
				89072FC925EAAFDF0075B2BD /* Sources */,
				89072FCA25EAAFDF0075B2BD /* Frameworks */,
				89072FCB25EAAFDF0075B2BD /* Resources */,
			);
			buildRules = (
			);
			dependencies = (
			);
			name = WebMission;
			productName = WebMission;
			productReference = 89072FCD25EAAFDF0075B2BD /* WebMission.app */;
			productType = "com.apple.product-type.application";
		};
/* End PBXNativeTarget section */

/* Begin PBXProject section */
		89072FC525EAAFDF0075B2BD /* Project object */ = {
			isa = PBXProject;
			attributes = {
				LastSwiftUpdateCheck = 1240;
				LastUpgradeCheck = 1240;
				TargetAttributes = {
					89072FCC25EAAFDF0075B2BD = {
						CreatedOnToolsVersion = 12.4;
					};
				};
			};
			buildConfigurationList = 89072FC825EAAFDF0075B2BD /* Build configuration list for PBXProject "WebMission" */;
			compatibilityVersion = "Xcode 9.3";
			developmentRegion = en;
			hasScannedForEncodings = 0;
			knownRegions = (
				en,
				Base,
			);
			mainGroup = 89072FC425EAAFDF0075B2BD;
			productRefGroup = 89072FCE25EAAFDF0075B2BD /* Products */;
			projectDirPath = "";
			projectRoot = "";
			targets = (
				89072FCC25EAAFDF0075B2BD /* WebMission */,
			);
		};
/* End PBXProject section */

/* Begin PBXResourcesBuildPhase section */
		89072FCB25EAAFDF0075B2BD /* Resources */ = {
			isa = PBXResourcesBuildPhase;
			buildActionMask = 2147483647;
			files = (
				89072FE725EAB0870075B2BD /* htmlView.html in Resources */,
				89072FDD25EAAFE00075B2BD /* LaunchScreen.storyboard in Resources */,
				89072FDA25EAAFE00075B2BD /* Assets.xcassets in Resources */,
				89072FD825EAAFDF0075B2BD /* Main.storyboard in Resources */,
			);
			runOnlyForDeploymentPostprocessing = 0;
		};
/* End PBXResourcesBuildPhase section */

/* Begin PBXSourcesBuildPhase section */
		89072FC925EAAFDF0075B2BD /* Sources */ = {
			isa = PBXSourcesBuildPhase;
			buildActionMask = 2147483647;
			files = (
				89072FD525EAAFDF0075B2BD /* ViewController.swift in Sources */,
				89072FD125EAAFDF0075B2BD /* AppDelegate.swift in Sources */,
				89072FD325EAAFDF0075B2BD /* SceneDelegate.swift in Sources */,
			);
			runOnlyForDeploymentPostprocessing = 0;
		};
/* End PBXSourcesBuildPhase section */

/* Begin PBXVariantGroup section */
		89072FD625EAAFDF0075B2BD /* Main.storyboard */ = {
			isa = PBXVariantGroup;
			children = (
				89072FD725EAAFDF0075B2BD /* Base */,
			);
			name = Main.storyboard;
			sourceTree = "<group>";
		};
		89072FDB25EAAFE00075B2BD /* LaunchScreen.storyboard */ = {
			isa = PBXVariantGroup;
			children = (
				89072FDC25EAAFE00075B2BD /* Base */,
			);
			name = LaunchScreen.storyboard;
			sourceTree = "<group>";
		};
/* End PBXVariantGroup section */

/* Begin XCBuildConfiguration section */
		89072FDF25EAAFE00075B2BD /* Debug */ = {
			isa = XCBuildConfiguration;
			buildSettings = {
				ALWAYS_SEARCH_USER_PATHS = NO;
				CLANG_ANALYZER_NONNULL = YES;
				CLANG_ANALYZER_NUMBER_OBJECT_CONVERSION = YES_AGGRESSIVE;
				CLANG_CXX_LANGUAGE_STANDARD = "gnu++14";
				CLANG_CXX_LIBRARY = "libc++";
				CLANG_ENABLE_MODULES = YES;
				CLANG_ENABLE_OBJC_ARC = YES;
				CLANG_ENABLE_OBJC_WEAK = YES;
				CLANG_WARN_BLOCK_CAPTURE_AUTORELEASING = YES;
				CLANG_WARN_BOOL_CONVERSION = YES;
				CLANG_WARN_COMMA = YES;
				CLANG_WARN_CONSTANT_CONVERSION = YES;
				CLANG_WARN_DEPRECATED_OBJC_IMPLEMENTATIONS = YES;
				CLANG_WARN_DIRECT_OBJC_ISA_USAGE = YES_ERROR;
				CLANG_WARN_DOCUMENTATION_COMMENTS = YES;
				CLANG_WARN_EMPTY_BODY = YES;
				CLANG_WARN_ENUM_CONVERSION = YES;
				CLANG_WARN_INFINITE_RECURSION = YES;
				CLANG_WARN_INT_CONVERSION = YES;
				CLANG_WARN_NON_LITERAL_NULL_CONVERSION = YES;
				CLANG_WARN_OBJC_IMPLICIT_RETAIN_SELF = YES;
				CLANG_WARN_OBJC_LITERAL_CONVERSION = YES;
				CLANG_WARN_OBJC_ROOT_CLASS = YES_ERROR;
				CLANG_WARN_QUOTED_INCLUDE_IN_FRAMEWORK_HEADER = YES;
				CLANG_WARN_RANGE_LOOP_ANALYSIS = YES;
				CLANG_WARN_STRICT_PROTOTYPES = YES;
				CLANG_WARN_SUSPICIOUS_MOVE = YES;
				CLANG_WARN_UNGUARDED_AVAILABILITY = YES_AGGRESSIVE;
				CLANG_WARN_UNREACHABLE_CODE = YES;
				CLANG_WARN__DUPLICATE_METHOD_MATCH = YES;
				COPY_PHASE_STRIP = NO;
				DEBUG_INFORMATION_FORMAT = dwarf;
				ENABLE_STRICT_OBJC_MSGSEND = YES;
				ENABLE_TESTABILITY = YES;
				GCC_C_LANGUAGE_STANDARD = gnu11;
				GCC_DYNAMIC_NO_PIC = NO;
				GCC_NO_COMMON_BLOCKS = YES;
				GCC_OPTIMIZATION_LEVEL = 0;
				GCC_PREPROCESSOR_DEFINITIONS = (
					"DEBUG=1",
					"$(inherited)",
				);
				GCC_WARN_64_TO_32_BIT_CONVERSION = YES;
				GCC_WARN_ABOUT_RETURN_TYPE = YES_ERROR;
				GCC_WARN_UNDECLARED_SELECTOR = YES;
				GCC_WARN_UNINITIALIZED_AUTOS = YES_AGGRESSIVE;
				GCC_WARN_UNUSED_FUNCTION = YES;
				GCC_WARN_UNUSED_VARIABLE = YES;
				IPHONEOS_DEPLOYMENT_TARGET = 14.4;
				MTL_ENABLE_DEBUG_INFO = INCLUDE_SOURCE;
				MTL_FAST_MATH = YES;
				ONLY_ACTIVE_ARCH = YES;
				SDKROOT = iphoneos;
				SWIFT_ACTIVE_COMPILATION_CONDITIONS = DEBUG;
				SWIFT_OPTIMIZATION_LEVEL = "-Onone";
			};
			name = Debug;
		};
		89072FE025EAAFE00075B2BD /* Release */ = {
			isa = XCBuildConfiguration;
			buildSettings = {
				ALWAYS_SEARCH_USER_PATHS = NO;
				CLANG_ANALYZER_NONNULL = YES;
				CLANG_ANALYZER_NUMBER_OBJECT_CONVERSION = YES_AGGRESSIVE;
				CLANG_CXX_LANGUAGE_STANDARD = "gnu++14";
				CLANG_CXX_LIBRARY = "libc++";
				CLANG_ENABLE_MODULES = YES;
				CLANG_ENABLE_OBJC_ARC = YES;
				CLANG_ENABLE_OBJC_WEAK = YES;
				CLANG_WARN_BLOCK_CAPTURE_AUTORELEASING = YES;
				CLANG_WARN_BOOL_CONVERSION = YES;
				CLANG_WARN_COMMA = YES;
				CLANG_WARN_CONSTANT_CONVERSION = YES;
				CLANG_WARN_DEPRECATED_OBJC_IMPLEMENTATIONS = YES;
				CLANG_WARN_DIRECT_OBJC_ISA_USAGE = YES_ERROR;
				CLANG_WARN_DOCUMENTATION_COMMENTS = YES;
				CLANG_WARN_EMPTY_BODY = YES;
				CLANG_WARN_ENUM_CONVERSION = YES;
				CLANG_WARN_INFINITE_RECURSION = YES;
				CLANG_WARN_INT_CONVERSION = YES;
				CLANG_WARN_NON_LITERAL_NULL_CONVERSION = YES;
				CLANG_WARN_OBJC_IMPLICIT_RETAIN_SELF = YES;
				CLANG_WARN_OBJC_LITERAL_CONVERSION = YES;
				CLANG_WARN_OBJC_ROOT_CLASS = YES_ERROR;
				CLANG_WARN_QUOTED_INCLUDE_IN_FRAMEWORK_HEADER = YES;
				CLANG_WARN_RANGE_LOOP_ANALYSIS = YES;
				CLANG_WARN_STRICT_PROTOTYPES = YES;
				CLANG_WARN_SUSPICIOUS_MOVE = YES;
				CLANG_WARN_UNGUARDED_AVAILABILITY = YES_AGGRESSIVE;
				CLANG_WARN_UNREACHABLE_CODE = YES;
				CLANG_WARN__DUPLICATE_METHOD_MATCH = YES;
				COPY_PHASE_STRIP = NO;
				DEBUG_INFORMATION_FORMAT = "dwarf-with-dsym";
				ENABLE_NS_ASSERTIONS = NO;
				ENABLE_STRICT_OBJC_MSGSEND = YES;
				GCC_C_LANGUAGE_STANDARD = gnu11;
				GCC_NO_COMMON_BLOCKS = YES;
				GCC_WARN_64_TO_32_BIT_CONVERSION = YES;
				GCC_WARN_ABOUT_RETURN_TYPE = YES_ERROR;
				GCC_WARN_UNDECLARED_SELECTOR = YES;
				GCC_WARN_UNINITIALIZED_AUTOS = YES_AGGRESSIVE;
				GCC_WARN_UNUSED_FUNCTION = YES;
				GCC_WARN_UNUSED_VARIABLE = YES;
				IPHONEOS_DEPLOYMENT_TARGET = 14.4;
				MTL_ENABLE_DEBUG_INFO = NO;
				MTL_FAST_MATH = YES;
				SDKROOT = iphoneos;
				SWIFT_COMPILATION_MODE = wholemodule;
				SWIFT_OPTIMIZATION_LEVEL = "-O";
				VALIDATE_PRODUCT = YES;
			};
			name = Release;
		};
		89072FE225EAAFE00075B2BD /* Debug */ = {
			isa = XCBuildConfiguration;
			buildSettings = {
				ASSETCATALOG_COMPILER_APPICON_NAME = AppIcon;
				ASSETCATALOG_COMPILER_GLOBAL_ACCENT_COLOR_NAME = AccentColor;
				CODE_SIGN_STYLE = Automatic;
				DEVELOPMENT_TEAM = 3FP9A2A7KZ;
				INFOPLIST_FILE = WebMission/Info.plist;
				LD_RUNPATH_SEARCH_PATHS = (
					"$(inherited)",
					"@executable_path/Frameworks",
				);
				PRODUCT_BUNDLE_IDENTIFIER = "seoyoung-lee.WebMission";
				PRODUCT_NAME = "$(TARGET_NAME)";
				SWIFT_VERSION = 5.0;
				TARGETED_DEVICE_FAMILY = "1,2";
			};
			name = Debug;
		};
		89072FE325EAAFE00075B2BD /* Release */ = {
			isa = XCBuildConfiguration;
			buildSettings = {
				ASSETCATALOG_COMPILER_APPICON_NAME = AppIcon;
				ASSETCATALOG_COMPILER_GLOBAL_ACCENT_COLOR_NAME = AccentColor;
				CODE_SIGN_STYLE = Automatic;
				DEVELOPMENT_TEAM = 3FP9A2A7KZ;
				INFOPLIST_FILE = WebMission/Info.plist;
				LD_RUNPATH_SEARCH_PATHS = (
					"$(inherited)",
					"@executable_path/Frameworks",
				);
				PRODUCT_BUNDLE_IDENTIFIER = "seoyoung-lee.WebMission";
				PRODUCT_NAME = "$(TARGET_NAME)";
				SWIFT_VERSION = 5.0;
				TARGETED_DEVICE_FAMILY = "1,2";
			};
			name = Release;
		};
/* End XCBuildConfiguration section */

/* Begin XCConfigurationList section */
		89072FC825EAAFDF0075B2BD /* Build configuration list for PBXProject "WebMission" */ = {
			isa = XCConfigurationList;
			buildConfigurations = (
				89072FDF25EAAFE00075B2BD /* Debug */,
				89072FE025EAAFE00075B2BD /* Release */,
			);
			defaultConfigurationIsVisible = 0;
			defaultConfigurationName = Release;
		};
		89072FE125EAAFE00075B2BD /* Build configuration list for PBXNativeTarget "WebMission" */ = {
			isa = XCConfigurationList;
			buildConfigurations = (
				89072FE225EAAFE00075B2BD /* Debug */,
				89072FE325EAAFE00075B2BD /* Release */,
			);
			defaultConfigurationIsVisible = 0;
			defaultConfigurationName = Release;
		};
/* End XCConfigurationList section */
	};
	rootObject = 89072FC525EAAFDF0075B2BD /* Project object */;
}
