// !$*UTF8*$!
{
	archiveVersion = 1;
	classes = {
	};
	objectVersion = 50;
	objects = {

/* Begin PBXBuildFile section */
		890CA1BC25E7111700D22573 /* AppDelegate.swift in Sources */ = {isa = PBXBuildFile; fileRef = 890CA1BB25E7111700D22573 /* AppDelegate.swift */; };
		890CA1BE25E7111700D22573 /* SceneDelegate.swift in Sources */ = {isa = PBXBuildFile; fileRef = 890CA1BD25E7111700D22573 /* SceneDelegate.swift */; };
		890CA1C025E7111700D22573 /* ViewController.swift in Sources */ = {isa = PBXBuildFile; fileRef = 890CA1BF25E7111700D22573 /* ViewController.swift */; };
		890CA1C325E7111700D22573 /* Main.storyboard in Resources */ = {isa = PBXBuildFile; fileRef = 890CA1C125E7111700D22573 /* Main.storyboard */; };
		890CA1C525E7111800D22573 /* Assets.xcassets in Resources */ = {isa = PBXBuildFile; fileRef = 890CA1C425E7111800D22573 /* Assets.xcassets */; };
		890CA1C825E7111800D22573 /* LaunchScreen.storyboard in Resources */ = {isa = PBXBuildFile; fileRef = 890CA1C625E7111800D22573 /* LaunchScreen.storyboard */; };
		890CA1D625E711B700D22573 /* dog3.jpg in Resources */ = {isa = PBXBuildFile; fileRef = 890CA1D125E711B700D22573 /* dog3.jpg */; };
		890CA1D725E711B700D22573 /* dog1.jpg in Resources */ = {isa = PBXBuildFile; fileRef = 890CA1D225E711B700D22573 /* dog1.jpg */; };
		890CA1D825E711B700D22573 /* dog4.jpg in Resources */ = {isa = PBXBuildFile; fileRef = 890CA1D325E711B700D22573 /* dog4.jpg */; };
		890CA1D925E711B700D22573 /* dog5.jpg in Resources */ = {isa = PBXBuildFile; fileRef = 890CA1D425E711B700D22573 /* dog5.jpg */; };
		890CA1DD25E72A9400D22573 /* dog2.jpg in Resources */ = {isa = PBXBuildFile; fileRef = 890CA1DC25E72A9400D22573 /* dog2.jpg */; };
/* End PBXBuildFile section */

/* Begin PBXFileReference section */
		890CA1B825E7111700D22573 /* ImageViewer.app */ = {isa = PBXFileReference; explicitFileType = wrapper.application; includeInIndex = 0; path = ImageViewer.app; sourceTree = BUILT_PRODUCTS_DIR; };
		890CA1BB25E7111700D22573 /* AppDelegate.swift */ = {isa = PBXFileReference; lastKnownFileType = sourcecode.swift; path = AppDelegate.swift; sourceTree = "<group>"; };
		890CA1BD25E7111700D22573 /* SceneDelegate.swift */ = {isa = PBXFileReference; lastKnownFileType = sourcecode.swift; path = SceneDelegate.swift; sourceTree = "<group>"; };
		890CA1BF25E7111700D22573 /* ViewController.swift */ = {isa = PBXFileReference; lastKnownFileType = sourcecode.swift; path = ViewController.swift; sourceTree = "<group>"; };
		890CA1C225E7111700D22573 /* Base */ = {isa = PBXFileReference; lastKnownFileType = file.storyboard; name = Base; path = Base.lproj/Main.storyboard; sourceTree = "<group>"; };
		890CA1C425E7111800D22573 /* Assets.xcassets */ = {isa = PBXFileReference; lastKnownFileType = folder.assetcatalog; path = Assets.xcassets; sourceTree = "<group>"; };
		890CA1C725E7111800D22573 /* Base */ = {isa = PBXFileReference; lastKnownFileType = file.storyboard; name = Base; path = Base.lproj/LaunchScreen.storyboard; sourceTree = "<group>"; };
		890CA1C925E7111800D22573 /* Info.plist */ = {isa = PBXFileReference; lastKnownFileType = text.plist.xml; path = Info.plist; sourceTree = "<group>"; };
		890CA1D125E711B700D22573 /* dog3.jpg */ = {isa = PBXFileReference; lastKnownFileType = image.jpeg; path = dog3.jpg; sourceTree = "<group>"; };
		890CA1D225E711B700D22573 /* dog1.jpg */ = {isa = PBXFileReference; lastKnownFileType = image.jpeg; path = dog1.jpg; sourceTree = "<group>"; };
		890CA1D325E711B700D22573 /* dog4.jpg */ = {isa = PBXFileReference; lastKnownFileType = image.jpeg; path = dog4.jpg; sourceTree = "<group>"; };
		890CA1D425E711B700D22573 /* dog5.jpg */ = {isa = PBXFileReference; lastKnownFileType = image.jpeg; path = dog5.jpg; sourceTree = "<group>"; };
		890CA1DC25E72A9400D22573 /* dog2.jpg */ = {isa = PBXFileReference; lastKnownFileType = image.jpeg; path = dog2.jpg; sourceTree = "<group>"; };
/* End PBXFileReference section */

/* Begin PBXFrameworksBuildPhase section */
		890CA1B525E7111700D22573 /* Frameworks */ = {
			isa = PBXFrameworksBuildPhase;
			buildActionMask = 2147483647;
			files = (
			);
			runOnlyForDeploymentPostprocessing = 0;
		};
/* End PBXFrameworksBuildPhase section */

/* Begin PBXGroup section */
		890CA1AF25E7111700D22573 = {
			isa = PBXGroup;
			children = (
				890CA1BA25E7111700D22573 /* ImageViewer */,
				890CA1B925E7111700D22573 /* Products */,
			);
			sourceTree = "<group>";
		};
		890CA1B925E7111700D22573 /* Products */ = {
			isa = PBXGroup;
			children = (
				890CA1B825E7111700D22573 /* ImageViewer.app */,
			);
			name = Products;
			sourceTree = "<group>";
		};
		890CA1BA25E7111700D22573 /* ImageViewer */ = {
			isa = PBXGroup;
			children = (
				890CA1D225E711B700D22573 /* dog1.jpg */,
				890CA1DC25E72A9400D22573 /* dog2.jpg */,
				890CA1D125E711B700D22573 /* dog3.jpg */,
				890CA1D325E711B700D22573 /* dog4.jpg */,
				890CA1D425E711B700D22573 /* dog5.jpg */,
				890CA1BB25E7111700D22573 /* AppDelegate.swift */,
				890CA1BD25E7111700D22573 /* SceneDelegate.swift */,
				890CA1BF25E7111700D22573 /* ViewController.swift */,
				890CA1C125E7111700D22573 /* Main.storyboard */,
				890CA1C425E7111800D22573 /* Assets.xcassets */,
				890CA1C625E7111800D22573 /* LaunchScreen.storyboard */,
				890CA1C925E7111800D22573 /* Info.plist */,
			);
			path = ImageViewer;
			sourceTree = "<group>";
		};
/* End PBXGroup section */

/* Begin PBXNativeTarget section */
		890CA1B725E7111700D22573 /* ImageViewer */ = {
			isa = PBXNativeTarget;
			buildConfigurationList = 890CA1CC25E7111800D22573 /* Build configuration list for PBXNativeTarget "ImageViewer" */;
			buildPhases = (
				890CA1B425E7111700D22573 /* Sources */,
				890CA1B525E7111700D22573 /* Frameworks */,
				890CA1B625E7111700D22573 /* Resources */,
			);
			buildRules = (
			);
			dependencies = (
			);
			name = ImageViewer;
			productName = ImageViewer;
			productReference = 890CA1B825E7111700D22573 /* ImageViewer.app */;
			productType = "com.apple.product-type.application";
		};
/* End PBXNativeTarget section */

/* Begin PBXProject section */
		890CA1B025E7111700D22573 /* Project object */ = {
			isa = PBXProject;
			attributes = {
				LastSwiftUpdateCheck = 1240;
				LastUpgradeCheck = 1240;
				TargetAttributes = {
					890CA1B725E7111700D22573 = {
						CreatedOnToolsVersion = 12.4;
					};
				};
			};
			buildConfigurationList = 890CA1B325E7111700D22573 /* Build configuration list for PBXProject "ImageViewer" */;
			compatibilityVersion = "Xcode 9.3";
			developmentRegion = en;
			hasScannedForEncodings = 0;
			knownRegions = (
				en,
				Base,
			);
			mainGroup = 890CA1AF25E7111700D22573;
			productRefGroup = 890CA1B925E7111700D22573 /* Products */;
			projectDirPath = "";
			projectRoot = "";
			targets = (
				890CA1B725E7111700D22573 /* ImageViewer */,
			);
		};
/* End PBXProject section */

/* Begin PBXResourcesBuildPhase section */
		890CA1B625E7111700D22573 /* Resources */ = {
			isa = PBXResourcesBuildPhase;
			buildActionMask = 2147483647;
			files = (
				890CA1C825E7111800D22573 /* LaunchScreen.storyboard in Resources */,
				890CA1D625E711B700D22573 /* dog3.jpg in Resources */,
				890CA1D825E711B700D22573 /* dog4.jpg in Resources */,
				890CA1DD25E72A9400D22573 /* dog2.jpg in Resources */,
				890CA1C525E7111800D22573 /* Assets.xcassets in Resources */,
				890CA1D725E711B700D22573 /* dog1.jpg in Resources */,
				890CA1D925E711B700D22573 /* dog5.jpg in Resources */,
				890CA1C325E7111700D22573 /* Main.storyboard in Resources */,
			);
			runOnlyForDeploymentPostprocessing = 0;
		};
/* End PBXResourcesBuildPhase section */

/* Begin PBXSourcesBuildPhase section */
		890CA1B425E7111700D22573 /* Sources */ = {
			isa = PBXSourcesBuildPhase;
			buildActionMask = 2147483647;
			files = (
				890CA1C025E7111700D22573 /* ViewController.swift in Sources */,
				890CA1BC25E7111700D22573 /* AppDelegate.swift in Sources */,
				890CA1BE25E7111700D22573 /* SceneDelegate.swift in Sources */,
			);
			runOnlyForDeploymentPostprocessing = 0;
		};
/* End PBXSourcesBuildPhase section */

/* Begin PBXVariantGroup section */
		890CA1C125E7111700D22573 /* Main.storyboard */ = {
			isa = PBXVariantGroup;
			children = (
				890CA1C225E7111700D22573 /* Base */,
			);
			name = Main.storyboard;
			sourceTree = "<group>";
		};
		890CA1C625E7111800D22573 /* LaunchScreen.storyboard */ = {
			isa = PBXVariantGroup;
			children = (
				890CA1C725E7111800D22573 /* Base */,
			);
			name = LaunchScreen.storyboard;
			sourceTree = "<group>";
		};
/* End PBXVariantGroup section */

/* Begin XCBuildConfiguration section */
		890CA1CA25E7111800D22573 /* Debug */ = {
			isa = XCBuildConfiguration;
			buildSettings = {
				ALWAYS_SEARCH_USER_PATHS = NO;
				CLANG_ANALYZER_NONNULL = YES;
				CLANG_ANALYZER_NUMBER_OBJECT_CONVERSION = YES_AGGRESSIVE;
				CLANG_CXX_LANGUAGE_STANDARD = "gnu++14";
				CLANG_CXX_LIBRARY = "libc++";
				CLANG_ENABLE_MODULES = YES;
				CLANG_ENABLE_OBJC_ARC = YES;
				CLANG_ENABLE_OBJC_WEAK = YES;
				CLANG_WARN_BLOCK_CAPTURE_AUTORELEASING = YES;
				CLANG_WARN_BOOL_CONVERSION = YES;
				CLANG_WARN_COMMA = YES;
				CLANG_WARN_CONSTANT_CONVERSION = YES;
				CLANG_WARN_DEPRECATED_OBJC_IMPLEMENTATIONS = YES;
				CLANG_WARN_DIRECT_OBJC_ISA_USAGE = YES_ERROR;
				CLANG_WARN_DOCUMENTATION_COMMENTS = YES;
				CLANG_WARN_EMPTY_BODY = YES;
				CLANG_WARN_ENUM_CONVERSION = YES;
				CLANG_WARN_INFINITE_RECURSION = YES;
				CLANG_WARN_INT_CONVERSION = YES;
				CLANG_WARN_NON_LITERAL_NULL_CONVERSION = YES;
				CLANG_WARN_OBJC_IMPLICIT_RETAIN_SELF = YES;
				CLANG_WARN_OBJC_LITERAL_CONVERSION = YES;
				CLANG_WARN_OBJC_ROOT_CLASS = YES_ERROR;
				CLANG_WARN_QUOTED_INCLUDE_IN_FRAMEWORK_HEADER = YES;
				CLANG_WARN_RANGE_LOOP_ANALYSIS = YES;
				CLANG_WARN_STRICT_PROTOTYPES = YES;
				CLANG_WARN_SUSPICIOUS_MOVE = YES;
				CLANG_WARN_UNGUARDED_AVAILABILITY = YES_AGGRESSIVE;
				CLANG_WARN_UNREACHABLE_CODE = YES;
				CLANG_WARN__DUPLICATE_METHOD_MATCH = YES;
				COPY_PHASE_STRIP = NO;
				DEBUG_INFORMATION_FORMAT = dwarf;
				ENABLE_STRICT_OBJC_MSGSEND = YES;
				ENABLE_TESTABILITY = YES;
				GCC_C_LANGUAGE_STANDARD = gnu11;
				GCC_DYNAMIC_NO_PIC = NO;
				GCC_NO_COMMON_BLOCKS = YES;
				GCC_OPTIMIZATION_LEVEL = 0;
				GCC_PREPROCESSOR_DEFINITIONS = (
					"DEBUG=1",
					"$(inherited)",
				);
				GCC_WARN_64_TO_32_BIT_CONVERSION = YES;
				GCC_WARN_ABOUT_RETURN_TYPE = YES_ERROR;
				GCC_WARN_UNDECLARED_SELECTOR = YES;
				GCC_WARN_UNINITIALIZED_AUTOS = YES_AGGRESSIVE;
				GCC_WARN_UNUSED_FUNCTION = YES;
				GCC_WARN_UNUSED_VARIABLE = YES;
				IPHONEOS_DEPLOYMENT_TARGET = 14.4;
				MTL_ENABLE_DEBUG_INFO = INCLUDE_SOURCE;
				MTL_FAST_MATH = YES;
				ONLY_ACTIVE_ARCH = YES;
				SDKROOT = iphoneos;
				SWIFT_ACTIVE_COMPILATION_CONDITIONS = DEBUG;
				SWIFT_OPTIMIZATION_LEVEL = "-Onone";
			};
			name = Debug;
		};
		890CA1CB25E7111800D22573 /* Release */ = {
			isa = XCBuildConfiguration;
			buildSettings = {
				ALWAYS_SEARCH_USER_PATHS = NO;
				CLANG_ANALYZER_NONNULL = YES;
				CLANG_ANALYZER_NUMBER_OBJECT_CONVERSION = YES_AGGRESSIVE;
				CLANG_CXX_LANGUAGE_STANDARD = "gnu++14";
				CLANG_CXX_LIBRARY = "libc++";
				CLANG_ENABLE_MODULES = YES;
				CLANG_ENABLE_OBJC_ARC = YES;
				CLANG_ENABLE_OBJC_WEAK = YES;
				CLANG_WARN_BLOCK_CAPTURE_AUTORELEASING = YES;
				CLANG_WARN_BOOL_CONVERSION = YES;
				CLANG_WARN_COMMA = YES;
				CLANG_WARN_CONSTANT_CONVERSION = YES;
				CLANG_WARN_DEPRECATED_OBJC_IMPLEMENTATIONS = YES;
				CLANG_WARN_DIRECT_OBJC_ISA_USAGE = YES_ERROR;
				CLANG_WARN_DOCUMENTATION_COMMENTS = YES;
				CLANG_WARN_EMPTY_BODY = YES;
				CLANG_WARN_ENUM_CONVERSION = YES;
				CLANG_WARN_INFINITE_RECURSION = YES;
				CLANG_WARN_INT_CONVERSION = YES;
				CLANG_WARN_NON_LITERAL_NULL_CONVERSION = YES;
				CLANG_WARN_OBJC_IMPLICIT_RETAIN_SELF = YES;
				CLANG_WARN_OBJC_LITERAL_CONVERSION = YES;
				CLANG_WARN_OBJC_ROOT_CLASS = YES_ERROR;
				CLANG_WARN_QUOTED_INCLUDE_IN_FRAMEWORK_HEADER = YES;
				CLANG_WARN_RANGE_LOOP_ANALYSIS = YES;
				CLANG_WARN_STRICT_PROTOTYPES = YES;
				CLANG_WARN_SUSPICIOUS_MOVE = YES;
				CLANG_WARN_UNGUARDED_AVAILABILITY = YES_AGGRESSIVE;
				CLANG_WARN_UNREACHABLE_CODE = YES;
				CLANG_WARN__DUPLICATE_METHOD_MATCH = YES;
				COPY_PHASE_STRIP = NO;
				DEBUG_INFORMATION_FORMAT = "dwarf-with-dsym";
				ENABLE_NS_ASSERTIONS = NO;
				ENABLE_STRICT_OBJC_MSGSEND = YES;
				GCC_C_LANGUAGE_STANDARD = gnu11;
				GCC_NO_COMMON_BLOCKS = YES;
				GCC_WARN_64_TO_32_BIT_CONVERSION = YES;
				GCC_WARN_ABOUT_RETURN_TYPE = YES_ERROR;
				GCC_WARN_UNDECLARED_SELECTOR = YES;
				GCC_WARN_UNINITIALIZED_AUTOS = YES_AGGRESSIVE;
				GCC_WARN_UNUSED_FUNCTION = YES;
				GCC_WARN_UNUSED_VARIABLE = YES;
				IPHONEOS_DEPLOYMENT_TARGET = 14.4;
				MTL_ENABLE_DEBUG_INFO = NO;
				MTL_FAST_MATH = YES;
				SDKROOT = iphoneos;
				SWIFT_COMPILATION_MODE = wholemodule;
				SWIFT_OPTIMIZATION_LEVEL = "-O";
				VALIDATE_PRODUCT = YES;
			};
			name = Release;
		};
		890CA1CD25E7111800D22573 /* Debug */ = {
			isa = XCBuildConfiguration;
			buildSettings = {
				ASSETCATALOG_COMPILER_APPICON_NAME = AppIcon;
				ASSETCATALOG_COMPILER_GLOBAL_ACCENT_COLOR_NAME = AccentColor;
				CODE_SIGN_STYLE = Automatic;
				DEVELOPMENT_TEAM = 3FP9A2A7KZ;
				INFOPLIST_FILE = ImageViewer/Info.plist;
				LD_RUNPATH_SEARCH_PATHS = (
					"$(inherited)",
					"@executable_path/Frameworks",
				);
				PRODUCT_BUNDLE_IDENTIFIER = "seoyoung-lee.ImageViewer";
				PRODUCT_NAME = "$(TARGET_NAME)";
				SWIFT_VERSION = 5.0;
				TARGETED_DEVICE_FAMILY = "1,2";
			};
			name = Debug;
		};
		890CA1CE25E7111800D22573 /* Release */ = {
			isa = XCBuildConfiguration;
			buildSettings = {
				ASSETCATALOG_COMPILER_APPICON_NAME = AppIcon;
				ASSETCATALOG_COMPILER_GLOBAL_ACCENT_COLOR_NAME = AccentColor;
				CODE_SIGN_STYLE = Automatic;
				DEVELOPMENT_TEAM = 3FP9A2A7KZ;
				INFOPLIST_FILE = ImageViewer/Info.plist;
				LD_RUNPATH_SEARCH_PATHS = (
					"$(inherited)",
					"@executable_path/Frameworks",
				);
				PRODUCT_BUNDLE_IDENTIFIER = "seoyoung-lee.ImageViewer";
				PRODUCT_NAME = "$(TARGET_NAME)";
				SWIFT_VERSION = 5.0;
				TARGETED_DEVICE_FAMILY = "1,2";
			};
			name = Release;
		};
/* End XCBuildConfiguration section */

/* Begin XCConfigurationList section */
		890CA1B325E7111700D22573 /* Build configuration list for PBXProject "ImageViewer" */ = {
			isa = XCConfigurationList;
			buildConfigurations = (
				890CA1CA25E7111800D22573 /* Debug */,
				890CA1CB25E7111800D22573 /* Release */,
			);
			defaultConfigurationIsVisible = 0;
			defaultConfigurationName = Release;
		};
		890CA1CC25E7111800D22573 /* Build configuration list for PBXNativeTarget "ImageViewer" */ = {
			isa = XCConfigurationList;
			buildConfigurations = (
				890CA1CD25E7111800D22573 /* Debug */,
				890CA1CE25E7111800D22573 /* Release */,
			);
			defaultConfigurationIsVisible = 0;
			defaultConfigurationName = Release;
		};
/* End XCConfigurationList section */
	};
	rootObject = 890CA1B025E7111700D22573 /* Project object */;
}
